
Microsoft Visual Studio Solution File, Format Version 12.00
# Visual Studio Version 17
VisualStudioVersion = 17.13.35818.85 d17.13
MinimumVisualStudioVersion = 10.0.40219.1
Project("{FAE04EC0-301F-11D3-BF4B-00C04F79EFBC}") = "course work", "course work.csproj", "{3858A27B-2C82-4D66-95E3-9E5930F1954F}"
EndProject
Global
	GlobalSection(SolutionConfigurationPlatforms) = preSolution
		Debug|Any CPU = Debug|Any CPU
		Release|Any CPU = Release|Any CPU
	EndGlobalSection
	GlobalSection(ProjectConfigurationPlatforms) = postSolution
		{3858A27B-2C82-4D66-95E3-9E5930F1954F}.Debug|Any CPU.ActiveCfg = Debug|Any CPU
		{3858A27B-2C82-4D66-95E3-9E5930F1954F}.Debug|Any CPU.Build.0 = Debug|Any CPU
		{3858A27B-2C82-4D66-95E3-9E5930F1954F}.Release|Any CPU.ActiveCfg = Release|Any CPU
		{3858A27B-2C82-4D66-95E3-9E5930F1954F}.Release|Any CPU.Build.0 = Release|Any CPU
	EndGlobalSection
	GlobalSection(SolutionProperties) = preSolution
		HideSolutionNode = FALSE
	EndGlobalSection
	GlobalSection(ExtensibilityGlobals) = postSolution
		SolutionGuid = {D1D3AA9B-2360-42C7-8280-9E761E7F0BD9}
	EndGlobalSection
EndGlobal
